
Microsoft Visual Studio Solution File, Format Version 12.00
# Visual Studio Version 16
VisualStudioVersion = 16.0.30717.126
MinimumVisualStudioVersion = 10.0.40219.1
Project("{8BC9CEB8-8B4A-11D0-8D11-00A0C91BC942}") = "ProgrammingExam", "ProgrammingExam\ProgrammingExam.vcxproj", "{CBB98904-F4B7-4509-A5AB-63ECC98FD34C}"
EndProject
Global
	GlobalSection(SolutionConfigurationPlatforms) = preSolution
		Debug|x64 = Debug|x64
		Debug|x86 = Debug|x86
		Release|x64 = Release|x64
		Release|x86 = Release|x86
	EndGlobalSection
	GlobalSection(ProjectConfigurationPlatforms) = postSolution
		{CBB98904-F4B7-4509-A5AB-63ECC98FD34C}.Debug|x64.ActiveCfg = Debug|x64
		{CBB98904-F4B7-4509-A5AB-63ECC98FD34C}.Debug|x64.Build.0 = Debug|x64
		{CBB98904-F4B7-4509-A5AB-63ECC98FD34C}.Debug|x86.ActiveCfg = Debug|Win32
		{CBB98904-F4B7-4509-A5AB-63ECC98FD34C}.Debug|x86.Build.0 = Debug|Win32
		{CBB98904-F4B7-4509-A5AB-63ECC98FD34C}.Release|x64.ActiveCfg = Release|x64
		{CBB98904-F4B7-4509-A5AB-63ECC98FD34C}.Release|x64.Build.0 = Release|x64
		{CBB98904-F4B7-4509-A5AB-63ECC98FD34C}.Release|x86.ActiveCfg = Release|Win32
		{CBB98904-F4B7-4509-A5AB-63ECC98FD34C}.Release|x86.Build.0 = Release|Win32
	EndGlobalSection
	GlobalSection(SolutionProperties) = preSolution
		HideSolutionNode = FALSE
	EndGlobalSection
	GlobalSection(ExtensibilityGlobals) = postSolution
		SolutionGuid = {9B8BF8EC-2201-4F91-8F07-C2F82D627E24}
	EndGlobalSection
EndGlobal
